
Microsoft Visual Studio Solution File, Format Version 12.00
# Visual Studio Version 17
VisualStudioVersion = 17.0.32126.317
MinimumVisualStudioVersion = 10.0.40219.1
Project("{9A19103F-16F7-4668-BE54-9A1E7A4F7556}") = "Notifo.SDK", "Notifo.SDK\Notifo.SDK.csproj", "{73C42B75-195C-4B45-863E-4EDCCB49C215}"
EndProject
Project("{9A19103F-16F7-4668-BE54-9A1E7A4F7556}") = "CodeGenerator", "CodeGenerator\CodeGenerator.csproj", "{7920DD12-CF98-4992-8553-BFCBDCBA3F64}"
EndProject
Project("{9A19103F-16F7-4668-BE54-9A1E7A4F7556}") = "Notifo.SDK.Tests", "Notifo.SDK.Tests\Notifo.SDK.Tests.csproj", "{9FC94C21-E254-4622-9E4C-601413951E76}"
EndProject
Global
	GlobalSection(SolutionConfigurationPlatforms) = preSolution
		Debug|Any CPU = Debug|Any CPU
		Release|Any CPU = Release|Any CPU
	EndGlobalSection
	GlobalSection(ProjectConfigurationPlatforms) = postSolution
		{73C42B75-195C-4B45-863E-4EDCCB49C215}.Debug|Any CPU.ActiveCfg = Debug|Any CPU
		{73C42B75-195C-4B45-863E-4EDCCB49C215}.Debug|Any CPU.Build.0 = Debug|Any CPU
		{73C42B75-195C-4B45-863E-4EDCCB49C215}.Release|Any CPU.ActiveCfg = Release|Any CPU
		{73C42B75-195C-4B45-863E-4EDCCB49C215}.Release|Any CPU.Build.0 = Release|Any CPU
		{7920DD12-CF98-4992-8553-BFCBDCBA3F64}.Debug|Any CPU.ActiveCfg = Debug|Any CPU
		{7920DD12-CF98-4992-8553-BFCBDCBA3F64}.Debug|Any CPU.Build.0 = Debug|Any CPU
		{7920DD12-CF98-4992-8553-BFCBDCBA3F64}.Release|Any CPU.ActiveCfg = Release|Any CPU
		{7920DD12-CF98-4992-8553-BFCBDCBA3F64}.Release|Any CPU.Build.0 = Release|Any CPU
		{9FC94C21-E254-4622-9E4C-601413951E76}.Debug|Any CPU.ActiveCfg = Debug|Any CPU
		{9FC94C21-E254-4622-9E4C-601413951E76}.Debug|Any CPU.Build.0 = Debug|Any CPU
		{9FC94C21-E254-4622-9E4C-601413951E76}.Release|Any CPU.ActiveCfg = Release|Any CPU
		{9FC94C21-E254-4622-9E4C-601413951E76}.Release|Any CPU.Build.0 = Release|Any CPU
	EndGlobalSection
	GlobalSection(SolutionProperties) = preSolution
		HideSolutionNode = FALSE
	EndGlobalSection
	GlobalSection(ExtensibilityGlobals) = postSolution
		SolutionGuid = {EC6B6B07-1DEA-41F3-BDE8-690AD3B8027D}
	EndGlobalSection
EndGlobal
